
Microsoft Visual Studio Solution File, Format Version 12.00
# Visual Studio Version 16
VisualStudioVersion = 16.0.31205.134
MinimumVisualStudioVersion = 10.0.40219.1
Project("{9A19103F-16F7-4668-BE54-9A1E7A4F7556}") = "MorningCoffee.Business", "MorningCoffee.Business\MorningCoffee.Business.csproj", "{2513B707-BA09-4689-BEF2-F687919EE1A9}"
EndProject
Project("{9A19103F-16F7-4668-BE54-9A1E7A4F7556}") = "MorningCoffee.DataAccess", "MorningCoffee.DataAccess\MorningCoffee.DataAccess.csproj", "{87B069BB-6ACC-4B14-8703-555E10086617}"
EndProject
Project("{9A19103F-16F7-4668-BE54-9A1E7A4F7556}") = "MorningCoffee.Entities", "MorningCoffee.Entities\MorningCoffee.Entities.csproj", "{EE23029B-7140-4DA9-9A84-E3C124E8E951}"
EndProject
Project("{9A19103F-16F7-4668-BE54-9A1E7A4F7556}") = "MorningCoffee.WebAPI", "MorningCoffee.WebAPI\MorningCoffee.WebAPI.csproj", "{A3A7F604-F02D-4BEA-A163-D1EBEC271A9B}"
EndProject
Project("{9A19103F-16F7-4668-BE54-9A1E7A4F7556}") = "MorningCoffee.Core", "MorningCoffee.Core\MorningCoffee.Core.csproj", "{28D5F98E-BA60-4A3C-AA05-D20FBACDA601}"
EndProject
Global
	GlobalSection(SolutionConfigurationPlatforms) = preSolution
		Debug|Any CPU = Debug|Any CPU
		Release|Any CPU = Release|Any CPU
	EndGlobalSection
	GlobalSection(ProjectConfigurationPlatforms) = postSolution
		{2513B707-BA09-4689-BEF2-F687919EE1A9}.Debug|Any CPU.ActiveCfg = Debug|Any CPU
		{2513B707-BA09-4689-BEF2-F687919EE1A9}.Debug|Any CPU.Build.0 = Debug|Any CPU
		{2513B707-BA09-4689-BEF2-F687919EE1A9}.Release|Any CPU.ActiveCfg = Release|Any CPU
		{2513B707-BA09-4689-BEF2-F687919EE1A9}.Release|Any CPU.Build.0 = Release|Any CPU
		{87B069BB-6ACC-4B14-8703-555E10086617}.Debug|Any CPU.ActiveCfg = Debug|Any CPU
		{87B069BB-6ACC-4B14-8703-555E10086617}.Debug|Any CPU.Build.0 = Debug|Any CPU
		{87B069BB-6ACC-4B14-8703-555E10086617}.Release|Any CPU.ActiveCfg = Release|Any CPU
		{87B069BB-6ACC-4B14-8703-555E10086617}.Release|Any CPU.Build.0 = Release|Any CPU
		{EE23029B-7140-4DA9-9A84-E3C124E8E951}.Debug|Any CPU.ActiveCfg = Debug|Any CPU
		{EE23029B-7140-4DA9-9A84-E3C124E8E951}.Debug|Any CPU.Build.0 = Debug|Any CPU
		{EE23029B-7140-4DA9-9A84-E3C124E8E951}.Release|Any CPU.ActiveCfg = Release|Any CPU
		{EE23029B-7140-4DA9-9A84-E3C124E8E951}.Release|Any CPU.Build.0 = Release|Any CPU
		{A3A7F604-F02D-4BEA-A163-D1EBEC271A9B}.Debug|Any CPU.ActiveCfg = Debug|Any CPU
		{A3A7F604-F02D-4BEA-A163-D1EBEC271A9B}.Debug|Any CPU.Build.0 = Debug|Any CPU
		{A3A7F604-F02D-4BEA-A163-D1EBEC271A9B}.Release|Any CPU.ActiveCfg = Release|Any CPU
		{A3A7F604-F02D-4BEA-A163-D1EBEC271A9B}.Release|Any CPU.Build.0 = Release|Any CPU
		{28D5F98E-BA60-4A3C-AA05-D20FBACDA601}.Debug|Any CPU.ActiveCfg = Debug|Any CPU
		{28D5F98E-BA60-4A3C-AA05-D20FBACDA601}.Debug|Any CPU.Build.0 = Debug|Any CPU
		{28D5F98E-BA60-4A3C-AA05-D20FBACDA601}.Release|Any CPU.ActiveCfg = Release|Any CPU
		{28D5F98E-BA60-4A3C-AA05-D20FBACDA601}.Release|Any CPU.Build.0 = Release|Any CPU
	EndGlobalSection
	GlobalSection(SolutionProperties) = preSolution
		HideSolutionNode = FALSE
	EndGlobalSection
	GlobalSection(ExtensibilityGlobals) = postSolution
		SolutionGuid = {C2108451-4105-40D2-B912-54D0472DD1CE}
	EndGlobalSection
EndGlobal
